// !$*UTF8*$!
{
	archiveVersion = 1;
	classes = {
	};
	objectVersion = 55;
	objects = {

/* Begin PBXBuildFile section */
		EE3D886C27F9647700ED5783 /* MeetUpableApp.swift in Sources */ = {isa = PBXBuildFile; fileRef = EE3D886B27F9647700ED5783 /* MeetUpableApp.swift */; };
		EE3D886E27F9647700ED5783 /* ContentView.swift in Sources */ = {isa = PBXBuildFile; fileRef = EE3D886D27F9647700ED5783 /* ContentView.swift */; };
		EE3D887027F9647800ED5783 /* Assets.xcassets in Resources */ = {isa = PBXBuildFile; fileRef = EE3D886F27F9647800ED5783 /* Assets.xcassets */; };
		EE3D887327F9647800ED5783 /* Preview Assets.xcassets in Resources */ = {isa = PBXBuildFile; fileRef = EE3D887227F9647800ED5783 /* Preview Assets.xcassets */; };
		EE3D887A27F965EC00ED5783 /* Person.swift in Sources */ = {isa = PBXBuildFile; fileRef = EE3D887927F965EC00ED5783 /* Person.swift */; };
		EE3D887C27F96A3800ED5783 /* ImagePicker.swift in Sources */ = {isa = PBXBuildFile; fileRef = EE3D887B27F96A3800ED5783 /* ImagePicker.swift */; };
		EE3D887E27F96C3F00ED5783 /* AddPersonView.swift in Sources */ = {isa = PBXBuildFile; fileRef = EE3D887D27F96C3F00ED5783 /* AddPersonView.swift */; };
		EEF89C3427FA712B00468515 /* FileManager-DocumentsDirectory.swift in Sources */ = {isa = PBXBuildFile; fileRef = EEF89C3327FA712B00468515 /* FileManager-DocumentsDirectory.swift */; };
		EEF89C3627FA78DB00468515 /* ContentView-ViewModel.swift in Sources */ = {isa = PBXBuildFile; fileRef = EEF89C3527FA78DB00468515 /* ContentView-ViewModel.swift */; };
		EEF89C3827FA8A4000468515 /* AddPersonView-ViewModel.swift in Sources */ = {isa = PBXBuildFile; fileRef = EEF89C3727FA8A4000468515 /* AddPersonView-ViewModel.swift */; };
		EEF89C3A27FA9EF600468515 /* DetailView.swift in Sources */ = {isa = PBXBuildFile; fileRef = EEF89C3927FA9EF600468515 /* DetailView.swift */; };
		EEF89C3C27FA9F0800468515 /* DetailView-ViewModel.swift in Sources */ = {isa = PBXBuildFile; fileRef = EEF89C3B27FA9F0800468515 /* DetailView-ViewModel.swift */; };
/* End PBXBuildFile section */

/* Begin PBXFileReference section */
		EE3D886827F9647700ED5783 /* MeetUpable.app */ = {isa = PBXFileReference; explicitFileType = wrapper.application; includeInIndex = 0; path = MeetUpable.app; sourceTree = BUILT_PRODUCTS_DIR; };
		EE3D886B27F9647700ED5783 /* MeetUpableApp.swift */ = {isa = PBXFileReference; lastKnownFileType = sourcecode.swift; path = MeetUpableApp.swift; sourceTree = "<group>"; };
		EE3D886D27F9647700ED5783 /* ContentView.swift */ = {isa = PBXFileReference; lastKnownFileType = sourcecode.swift; path = ContentView.swift; sourceTree = "<group>"; };
		EE3D886F27F9647800ED5783 /* Assets.xcassets */ = {isa = PBXFileReference; lastKnownFileType = folder.assetcatalog; path = Assets.xcassets; sourceTree = "<group>"; };
		EE3D887227F9647800ED5783 /* Preview Assets.xcassets */ = {isa = PBXFileReference; lastKnownFileType = folder.assetcatalog; path = "Preview Assets.xcassets"; sourceTree = "<group>"; };
		EE3D887927F965EC00ED5783 /* Person.swift */ = {isa = PBXFileReference; lastKnownFileType = sourcecode.swift; path = Person.swift; sourceTree = "<group>"; };
		EE3D887B27F96A3800ED5783 /* ImagePicker.swift */ = {isa = PBXFileReference; lastKnownFileType = sourcecode.swift; path = ImagePicker.swift; sourceTree = "<group>"; };
		EE3D887D27F96C3F00ED5783 /* AddPersonView.swift */ = {isa = PBXFileReference; lastKnownFileType = sourcecode.swift; path = AddPersonView.swift; sourceTree = "<group>"; };
		EEF89C3327FA712B00468515 /* FileManager-DocumentsDirectory.swift */ = {isa = PBXFileReference; lastKnownFileType = sourcecode.swift; path = "FileManager-DocumentsDirectory.swift"; sourceTree = "<group>"; };
		EEF89C3527FA78DB00468515 /* ContentView-ViewModel.swift */ = {isa = PBXFileReference; lastKnownFileType = sourcecode.swift; path = "ContentView-ViewModel.swift"; sourceTree = "<group>"; };
		EEF89C3727FA8A4000468515 /* AddPersonView-ViewModel.swift */ = {isa = PBXFileReference; lastKnownFileType = sourcecode.swift; path = "AddPersonView-ViewModel.swift"; sourceTree = "<group>"; };
		EEF89C3927FA9EF600468515 /* DetailView.swift */ = {isa = PBXFileReference; lastKnownFileType = sourcecode.swift; path = DetailView.swift; sourceTree = "<group>"; };
		EEF89C3B27FA9F0800468515 /* DetailView-ViewModel.swift */ = {isa = PBXFileReference; lastKnownFileType = sourcecode.swift; path = "DetailView-ViewModel.swift"; sourceTree = "<group>"; };
/* End PBXFileReference section */

/* Begin PBXFrameworksBuildPhase section */
		EE3D886527F9647700ED5783 /* Frameworks */ = {
			isa = PBXFrameworksBuildPhase;
			buildActionMask = 2147483647;
			files = (
			);
			runOnlyForDeploymentPostprocessing = 0;
		};
/* End PBXFrameworksBuildPhase section */

/* Begin PBXGroup section */
		EE3D885F27F9647700ED5783 = {
			isa = PBXGroup;
			children = (
				EE3D886A27F9647700ED5783 /* MeetUpable */,
				EE3D886927F9647700ED5783 /* Products */,
			);
			sourceTree = "<group>";
		};
		EE3D886927F9647700ED5783 /* Products */ = {
			isa = PBXGroup;
			children = (
				EE3D886827F9647700ED5783 /* MeetUpable.app */,
			);
			name = Products;
			sourceTree = "<group>";
		};
		EE3D886A27F9647700ED5783 /* MeetUpable */ = {
			isa = PBXGroup;
			children = (
				EE3D886B27F9647700ED5783 /* MeetUpableApp.swift */,
				EE3D886D27F9647700ED5783 /* ContentView.swift */,
				EEF89C3527FA78DB00468515 /* ContentView-ViewModel.swift */,
				EEF89C3927FA9EF600468515 /* DetailView.swift */,
				EEF89C3B27FA9F0800468515 /* DetailView-ViewModel.swift */,
				EE3D887D27F96C3F00ED5783 /* AddPersonView.swift */,
				EEF89C3727FA8A4000468515 /* AddPersonView-ViewModel.swift */,
				EE3D887927F965EC00ED5783 /* Person.swift */,
				EE3D887B27F96A3800ED5783 /* ImagePicker.swift */,
				EEF89C3327FA712B00468515 /* FileManager-DocumentsDirectory.swift */,
				EE3D886F27F9647800ED5783 /* Assets.xcassets */,
				EE3D887127F9647800ED5783 /* Preview Content */,
			);
			path = MeetUpable;
			sourceTree = "<group>";
		};
		EE3D887127F9647800ED5783 /* Preview Content */ = {
			isa = PBXGroup;
			children = (
				EE3D887227F9647800ED5783 /* Preview Assets.xcassets */,
			);
			path = "Preview Content";
			sourceTree = "<group>";
		};
/* End PBXGroup section */

/* Begin PBXNativeTarget section */
		EE3D886727F9647700ED5783 /* MeetUpable */ = {
			isa = PBXNativeTarget;
			buildConfigurationList = EE3D887627F9647800ED5783 /* Build configuration list for PBXNativeTarget "MeetUpable" */;
			buildPhases = (
				EE3D886427F9647700ED5783 /* Sources */,
				EE3D886527F9647700ED5783 /* Frameworks */,
				EE3D886627F9647700ED5783 /* Resources */,
			);
			buildRules = (
			);
			dependencies = (
			);
			name = MeetUpable;
			productName = MeetUpable;
			productReference = EE3D886827F9647700ED5783 /* MeetUpable.app */;
			productType = "com.apple.product-type.application";
		};
/* End PBXNativeTarget section */

/* Begin PBXProject section */
		EE3D886027F9647700ED5783 /* Project object */ = {
			isa = PBXProject;
			attributes = {
				BuildIndependentTargetsInParallel = 1;
				LastSwiftUpdateCheck = 1330;
				LastUpgradeCheck = 1330;
				TargetAttributes = {
					EE3D886727F9647700ED5783 = {
						CreatedOnToolsVersion = 13.3;
					};
				};
			};
			buildConfigurationList = EE3D886327F9647700ED5783 /* Build configuration list for PBXProject "MeetUpable" */;
			compatibilityVersion = "Xcode 13.0";
			developmentRegion = en;
			hasScannedForEncodings = 0;
			knownRegions = (
				en,
				Base,
			);
			mainGroup = EE3D885F27F9647700ED5783;
			productRefGroup = EE3D886927F9647700ED5783 /* Products */;
			projectDirPath = "";
			projectRoot = "";
			targets = (
				EE3D886727F9647700ED5783 /* MeetUpable */,
			);
		};
/* End PBXProject section */

/* Begin PBXResourcesBuildPhase section */
		EE3D886627F9647700ED5783 /* Resources */ = {
			isa = PBXResourcesBuildPhase;
			buildActionMask = 2147483647;
			files = (
				EE3D887327F9647800ED5783 /* Preview Assets.xcassets in Resources */,
				EE3D887027F9647800ED5783 /* Assets.xcassets in Resources */,
			);
			runOnlyForDeploymentPostprocessing = 0;
		};
/* End PBXResourcesBuildPhase section */

/* Begin PBXSourcesBuildPhase section */
		EE3D886427F9647700ED5783 /* Sources */ = {
			isa = PBXSourcesBuildPhase;
			buildActionMask = 2147483647;
			files = (
				EEF89C3427FA712B00468515 /* FileManager-DocumentsDirectory.swift in Sources */,
				EEF89C3A27FA9EF600468515 /* DetailView.swift in Sources */,
				EE3D887A27F965EC00ED5783 /* Person.swift in Sources */,
				EE3D887C27F96A3800ED5783 /* ImagePicker.swift in Sources */,
				EE3D887E27F96C3F00ED5783 /* AddPersonView.swift in Sources */,
				EEF89C3827FA8A4000468515 /* AddPersonView-ViewModel.swift in Sources */,
				EEF89C3C27FA9F0800468515 /* DetailView-ViewModel.swift in Sources */,
				EE3D886E27F9647700ED5783 /* ContentView.swift in Sources */,
				EEF89C3627FA78DB00468515 /* ContentView-ViewModel.swift in Sources */,
				EE3D886C27F9647700ED5783 /* MeetUpableApp.swift in Sources */,
			);
			runOnlyForDeploymentPostprocessing = 0;
		};
/* End PBXSourcesBuildPhase section */

/* Begin XCBuildConfiguration section */
		EE3D887427F9647800ED5783 /* Debug */ = {
			isa = XCBuildConfiguration;
			buildSettings = {
				ALWAYS_SEARCH_USER_PATHS = NO;
				CLANG_ANALYZER_NONNULL = YES;
				CLANG_ANALYZER_NUMBER_OBJECT_CONVERSION = YES_AGGRESSIVE;
				CLANG_CXX_LANGUAGE_STANDARD = "gnu++17";
				CLANG_ENABLE_MODULES = YES;
				CLANG_ENABLE_OBJC_ARC = YES;
				CLANG_ENABLE_OBJC_WEAK = YES;
				CLANG_WARN_BLOCK_CAPTURE_AUTORELEASING = YES;
				CLANG_WARN_BOOL_CONVERSION = YES;
				CLANG_WARN_COMMA = YES;
				CLANG_WARN_CONSTANT_CONVERSION = YES;
				CLANG_WARN_DEPRECATED_OBJC_IMPLEMENTATIONS = YES;
				CLANG_WARN_DIRECT_OBJC_ISA_USAGE = YES_ERROR;
				CLANG_WARN_DOCUMENTATION_COMMENTS = YES;
				CLANG_WARN_EMPTY_BODY = YES;
				CLANG_WARN_ENUM_CONVERSION = YES;
				CLANG_WARN_INFINITE_RECURSION = YES;
				CLANG_WARN_INT_CONVERSION = YES;
				CLANG_WARN_NON_LITERAL_NULL_CONVERSION = YES;
				CLANG_WARN_OBJC_IMPLICIT_RETAIN_SELF = YES;
				CLANG_WARN_OBJC_LITERAL_CONVERSION = YES;
				CLANG_WARN_OBJC_ROOT_CLASS = YES_ERROR;
				CLANG_WARN_QUOTED_INCLUDE_IN_FRAMEWORK_HEADER = YES;
				CLANG_WARN_RANGE_LOOP_ANALYSIS = YES;
				CLANG_WARN_STRICT_PROTOTYPES = YES;
				CLANG_WARN_SUSPICIOUS_MOVE = YES;
				CLANG_WARN_UNGUARDED_AVAILABILITY = YES_AGGRESSIVE;
				CLANG_WARN_UNREACHABLE_CODE = YES;
				CLANG_WARN__DUPLICATE_METHOD_MATCH = YES;
				COPY_PHASE_STRIP = NO;
				DEBUG_INFORMATION_FORMAT = dwarf;
				ENABLE_STRICT_OBJC_MSGSEND = YES;
				ENABLE_TESTABILITY = YES;
				GCC_C_LANGUAGE_STANDARD = gnu11;
				GCC_DYNAMIC_NO_PIC = NO;
				GCC_NO_COMMON_BLOCKS = YES;
				GCC_OPTIMIZATION_LEVEL = 0;
				GCC_PREPROCESSOR_DEFINITIONS = (
					"DEBUG=1",
					"$(inherited)",
				);
				GCC_WARN_64_TO_32_BIT_CONVERSION = YES;
				GCC_WARN_ABOUT_RETURN_TYPE = YES_ERROR;
				GCC_WARN_UNDECLARED_SELECTOR = YES;
				GCC_WARN_UNINITIALIZED_AUTOS = YES_AGGRESSIVE;
				GCC_WARN_UNUSED_FUNCTION = YES;
				GCC_WARN_UNUSED_VARIABLE = YES;
				IPHONEOS_DEPLOYMENT_TARGET = 15.4;
				MTL_ENABLE_DEBUG_INFO = INCLUDE_SOURCE;
				MTL_FAST_MATH = YES;
				ONLY_ACTIVE_ARCH = YES;
				SDKROOT = iphoneos;
				SWIFT_ACTIVE_COMPILATION_CONDITIONS = DEBUG;
				SWIFT_OPTIMIZATION_LEVEL = "-Onone";
			};
			name = Debug;
		};
		EE3D887527F9647800ED5783 /* Release */ = {
			isa = XCBuildConfiguration;
			buildSettings = {
				ALWAYS_SEARCH_USER_PATHS = NO;
				CLANG_ANALYZER_NONNULL = YES;
				CLANG_ANALYZER_NUMBER_OBJECT_CONVERSION = YES_AGGRESSIVE;
				CLANG_CXX_LANGUAGE_STANDARD = "gnu++17";
				CLANG_ENABLE_MODULES = YES;
				CLANG_ENABLE_OBJC_ARC = YES;
				CLANG_ENABLE_OBJC_WEAK = YES;
				CLANG_WARN_BLOCK_CAPTURE_AUTORELEASING = YES;
				CLANG_WARN_BOOL_CONVERSION = YES;
				CLANG_WARN_COMMA = YES;
				CLANG_WARN_CONSTANT_CONVERSION = YES;
				CLANG_WARN_DEPRECATED_OBJC_IMPLEMENTATIONS = YES;
				CLANG_WARN_DIRECT_OBJC_ISA_USAGE = YES_ERROR;
				CLANG_WARN_DOCUMENTATION_COMMENTS = YES;
				CLANG_WARN_EMPTY_BODY = YES;
				CLANG_WARN_ENUM_CONVERSION = YES;
				CLANG_WARN_INFINITE_RECURSION = YES;
				CLANG_WARN_INT_CONVERSION = YES;
				CLANG_WARN_NON_LITERAL_NULL_CONVERSION = YES;
				CLANG_WARN_OBJC_IMPLICIT_RETAIN_SELF = YES;
				CLANG_WARN_OBJC_LITERAL_CONVERSION = YES;
				CLANG_WARN_OBJC_ROOT_CLASS = YES_ERROR;
				CLANG_WARN_QUOTED_INCLUDE_IN_FRAMEWORK_HEADER = YES;
				CLANG_WARN_RANGE_LOOP_ANALYSIS = YES;
				CLANG_WARN_STRICT_PROTOTYPES = YES;
				CLANG_WARN_SUSPICIOUS_MOVE = YES;
				CLANG_WARN_UNGUARDED_AVAILABILITY = YES_AGGRESSIVE;
				CLANG_WARN_UNREACHABLE_CODE = YES;
				CLANG_WARN__DUPLICATE_METHOD_MATCH = YES;
				COPY_PHASE_STRIP = NO;
				DEBUG_INFORMATION_FORMAT = "dwarf-with-dsym";
				ENABLE_NS_ASSERTIONS = NO;
				ENABLE_STRICT_OBJC_MSGSEND = YES;
				GCC_C_LANGUAGE_STANDARD = gnu11;
				GCC_NO_COMMON_BLOCKS = YES;
				GCC_WARN_64_TO_32_BIT_CONVERSION = YES;
				GCC_WARN_ABOUT_RETURN_TYPE = YES_ERROR;
				GCC_WARN_UNDECLARED_SELECTOR = YES;
				GCC_WARN_UNINITIALIZED_AUTOS = YES_AGGRESSIVE;
				GCC_WARN_UNUSED_FUNCTION = YES;
				GCC_WARN_UNUSED_VARIABLE = YES;
				IPHONEOS_DEPLOYMENT_TARGET = 15.4;
				MTL_ENABLE_DEBUG_INFO = NO;
				MTL_FAST_MATH = YES;
				SDKROOT = iphoneos;
				SWIFT_COMPILATION_MODE = wholemodule;
				SWIFT_OPTIMIZATION_LEVEL = "-O";
				VALIDATE_PRODUCT = YES;
			};
			name = Release;
		};
		EE3D887727F9647800ED5783 /* Debug */ = {
			isa = XCBuildConfiguration;
			buildSettings = {
				ASSETCATALOG_COMPILER_APPICON_NAME = AppIcon;
				ASSETCATALOG_COMPILER_GLOBAL_ACCENT_COLOR_NAME = AccentColor;
				CODE_SIGN_STYLE = Automatic;
				CURRENT_PROJECT_VERSION = 1;
				DEVELOPMENT_ASSET_PATHS = "\"MeetUpable/Preview Content\"";
				DEVELOPMENT_TEAM = RSCWF39P88;
				ENABLE_PREVIEWS = YES;
				GENERATE_INFOPLIST_FILE = YES;
				INFOPLIST_KEY_UIApplicationSceneManifest_Generation = YES;
				INFOPLIST_KEY_UIApplicationSupportsIndirectInputEvents = YES;
				INFOPLIST_KEY_UILaunchScreen_Generation = YES;
				INFOPLIST_KEY_UISupportedInterfaceOrientations_iPad = "UIInterfaceOrientationPortrait UIInterfaceOrientationPortraitUpsideDown UIInterfaceOrientationLandscapeLeft UIInterfaceOrientationLandscapeRight";
				INFOPLIST_KEY_UISupportedInterfaceOrientations_iPhone = "UIInterfaceOrientationPortrait UIInterfaceOrientationLandscapeLeft UIInterfaceOrientationLandscapeRight";
				LD_RUNPATH_SEARCH_PATHS = (
					"$(inherited)",
					"@executable_path/Frameworks",
				);
				MARKETING_VERSION = 1.0;
				PRODUCT_BUNDLE_IDENTIFIER = com.knowselfdaily.MeetUpable;
				PRODUCT_NAME = "$(TARGET_NAME)";
				SWIFT_EMIT_LOC_STRINGS = YES;
				SWIFT_VERSION = 5.0;
				TARGETED_DEVICE_FAMILY = "1,2";
			};
			name = Debug;
		};
		EE3D887827F9647800ED5783 /* Release */ = {
			isa = XCBuildConfiguration;
			buildSettings = {
				ASSETCATALOG_COMPILER_APPICON_NAME = AppIcon;
				ASSETCATALOG_COMPILER_GLOBAL_ACCENT_COLOR_NAME = AccentColor;
				CODE_SIGN_STYLE = Automatic;
				CURRENT_PROJECT_VERSION = 1;
				DEVELOPMENT_ASSET_PATHS = "\"MeetUpable/Preview Content\"";
				DEVELOPMENT_TEAM = RSCWF39P88;
				ENABLE_PREVIEWS = YES;
				GENERATE_INFOPLIST_FILE = YES;
				INFOPLIST_KEY_UIApplicationSceneManifest_Generation = YES;
				INFOPLIST_KEY_UIApplicationSupportsIndirectInputEvents = YES;
				INFOPLIST_KEY_UILaunchScreen_Generation = YES;
				INFOPLIST_KEY_UISupportedInterfaceOrientations_iPad = "UIInterfaceOrientationPortrait UIInterfaceOrientationPortraitUpsideDown UIInterfaceOrientationLandscapeLeft UIInterfaceOrientationLandscapeRight";
				INFOPLIST_KEY_UISupportedInterfaceOrientations_iPhone = "UIInterfaceOrientationPortrait UIInterfaceOrientationLandscapeLeft UIInterfaceOrientationLandscapeRight";
				LD_RUNPATH_SEARCH_PATHS = (
					"$(inherited)",
					"@executable_path/Frameworks",
				);
				MARKETING_VERSION = 1.0;
				PRODUCT_BUNDLE_IDENTIFIER = com.knowselfdaily.MeetUpable;
				PRODUCT_NAME = "$(TARGET_NAME)";
				SWIFT_EMIT_LOC_STRINGS = YES;
				SWIFT_VERSION = 5.0;
				TARGETED_DEVICE_FAMILY = "1,2";
			};
			name = Release;
		};
/* End XCBuildConfiguration section */

/* Begin XCConfigurationList section */
		EE3D886327F9647700ED5783 /* Build configuration list for PBXProject "MeetUpable" */ = {
			isa = XCConfigurationList;
			buildConfigurations = (
				EE3D887427F9647800ED5783 /* Debug */,
				EE3D887527F9647800ED5783 /* Release */,
			);
			defaultConfigurationIsVisible = 0;
			defaultConfigurationName = Release;
		};
		EE3D887627F9647800ED5783 /* Build configuration list for PBXNativeTarget "MeetUpable" */ = {
			isa = XCConfigurationList;
			buildConfigurations = (
				EE3D887727F9647800ED5783 /* Debug */,
				EE3D887827F9647800ED5783 /* Release */,
			);
			defaultConfigurationIsVisible = 0;
			defaultConfigurationName = Release;
		};
/* End XCConfigurationList section */
	};
	rootObject = EE3D886027F9647700ED5783 /* Project object */;
}
